
Microsoft Visual Studio Solution File, Format Version 12.00
# Visual Studio 15
VisualStudioVersion = 15.0.28307.1758
MinimumVisualStudioVersion = 10.0.40219.1
Project("{FAE04EC0-301F-11D3-BF4B-00C04F79EFBC}") = "Santa Archiving System", "Santa Archiving System\Santa Archiving System.csproj", "{DAED94B6-EA14-44FD-8B75-82C3E859B6A8}"
EndProject
Global
	GlobalSection(SolutionConfigurationPlatforms) = preSolution
		Debug|Any CPU = Debug|Any CPU
		Release|Any CPU = Release|Any CPU
	EndGlobalSection
	GlobalSection(ProjectConfigurationPlatforms) = postSolution
		{DAED94B6-EA14-44FD-8B75-82C3E859B6A8}.Debug|Any CPU.ActiveCfg = Debug|Any CPU
		{DAED94B6-EA14-44FD-8B75-82C3E859B6A8}.Debug|Any CPU.Build.0 = Debug|Any CPU
		{DAED94B6-EA14-44FD-8B75-82C3E859B6A8}.Release|Any CPU.ActiveCfg = Release|Any CPU
		{DAED94B6-EA14-44FD-8B75-82C3E859B6A8}.Release|Any CPU.Build.0 = Release|Any CPU
	EndGlobalSection
	GlobalSection(SolutionProperties) = preSolution
		HideSolutionNode = FALSE
	EndGlobalSection
	GlobalSection(ExtensibilityGlobals) = postSolution
		SolutionGuid = {470694E0-6047-47D8-92F9-56B2C277D168}
	EndGlobalSection
EndGlobal
